
Microsoft Visual Studio Solution File, Format Version 12.00
# Visual Studio Version 17
VisualStudioVersion = 17.14.37203.1
MinimumVisualStudioVersion = 10.0.40219.1
Project("{2150E333-8FDC-42A3-9474-1A3956D46DE8}") = "Microservices", "Microservices", "{02EA681E-C7D8-13C7-8484-4AC65E1B71E8}"
EndProject
Project("{FAE04EC0-301F-11D3-BF4B-00C04F79EFBC}") = "HospitalManagementSystem.BranchService", "Microservices\HospitalManagementSystem.BranchService\HospitalManagementSystem.BranchService.csproj", "{D13AD100-44C7-4ECE-9267-3B26213A1A30}"
EndProject
Project("{FAE04EC0-301F-11D3-BF4B-00C04F79EFBC}") = "HospitalManagementSystem.DoctorService", "Microservices\HospitalManagementSystem.DoctorService\HospitalManagementSystem.DoctorService.csproj", "{574F57BE-B751-44B7-AD1E-BC459B61553E}"
EndProject
Project("{FAE04EC0-301F-11D3-BF4B-00C04F79EFBC}") = "HospitalManagementSystem.ReviewService", "Microservices\HospitalManagementSystem.ReviewService\HospitalManagementSystem.ReviewService.csproj", "{FAAA8DD4-20E6-4536-841E-16D6259C4660}"
EndProject
Project("{FAE04EC0-301F-11D3-BF4B-00C04F79EFBC}") = "HospitalManagementSystem.AppointmentService", "Microservices\HospitalManagementSystem.AppointmentService\HospitalManagementSystem.AppointmentService.csproj", "{96533B5F-87B9-4E81-950B-F7FE67595CBF}"
EndProject
Global
	GlobalSection(SolutionConfigurationPlatforms) = preSolution
		Debug|Any CPU = Debug|Any CPU
		Release|Any CPU = Release|Any CPU
	EndGlobalSection
	GlobalSection(ProjectConfigurationPlatforms) = postSolution
		{D13AD100-44C7-4ECE-9267-3B26213A1A30}.Debug|Any CPU.ActiveCfg = Debug|Any CPU
		{D13AD100-44C7-4ECE-9267-3B26213A1A30}.Debug|Any CPU.Build.0 = Debug|Any CPU
		{D13AD100-44C7-4ECE-9267-3B26213A1A30}.Release|Any CPU.ActiveCfg = Release|Any CPU
		{D13AD100-44C7-4ECE-9267-3B26213A1A30}.Release|Any CPU.Build.0 = Release|Any CPU
		{574F57BE-B751-44B7-AD1E-BC459B61553E}.Debug|Any CPU.ActiveCfg = Debug|Any CPU
		{574F57BE-B751-44B7-AD1E-BC459B61553E}.Debug|Any CPU.Build.0 = Debug|Any CPU
		{574F57BE-B751-44B7-AD1E-BC459B61553E}.Release|Any CPU.ActiveCfg = Release|Any CPU
		{574F57BE-B751-44B7-AD1E-BC459B61553E}.Release|Any CPU.Build.0 = Release|Any CPU
		{FAAA8DD4-20E6-4536-841E-16D6259C4660}.Debug|Any CPU.ActiveCfg = Debug|Any CPU
		{FAAA8DD4-20E6-4536-841E-16D6259C4660}.Debug|Any CPU.Build.0 = Debug|Any CPU
		{FAAA8DD4-20E6-4536-841E-16D6259C4660}.Release|Any CPU.ActiveCfg = Release|Any CPU
		{FAAA8DD4-20E6-4536-841E-16D6259C4660}.Release|Any CPU.Build.0 = Release|Any CPU
		{96533B5F-87B9-4E81-950B-F7FE67595CBF}.Debug|Any CPU.ActiveCfg = Debug|Any CPU
		{96533B5F-87B9-4E81-950B-F7FE67595CBF}.Debug|Any CPU.Build.0 = Debug|Any CPU
		{96533B5F-87B9-4E81-950B-F7FE67595CBF}.Release|Any CPU.ActiveCfg = Release|Any CPU
		{96533B5F-87B9-4E81-950B-F7FE67595CBF}.Release|Any CPU.Build.0 = Release|Any CPU
	EndGlobalSection
	GlobalSection(SolutionProperties) = preSolution
		HideSolutionNode = FALSE
	EndGlobalSection
	GlobalSection(NestedProjects) = preSolution
		{D13AD100-44C7-4ECE-9267-3B26213A1A30} = {02EA681E-C7D8-13C7-8484-4AC65E1B71E8}
		{574F57BE-B751-44B7-AD1E-BC459B61553E} = {02EA681E-C7D8-13C7-8484-4AC65E1B71E8}
		{FAAA8DD4-20E6-4536-841E-16D6259C4660} = {02EA681E-C7D8-13C7-8484-4AC65E1B71E8}
		{96533B5F-87B9-4E81-950B-F7FE67595CBF} = {02EA681E-C7D8-13C7-8484-4AC65E1B71E8}
	EndGlobalSection
	GlobalSection(ExtensibilityGlobals) = postSolution
		SolutionGuid = {38D75407-910D-41A5-9DB0-A9A15B09FAA6}
	EndGlobalSection
EndGlobal
